
Microsoft Visual Studio Solution File, Format Version 12.00
# Visual Studio Version 16
VisualStudioVersion = 16.0.34601.136
MinimumVisualStudioVersion = 10.0.40219.1
Project("{FAE04EC0-301F-11D3-BF4B-00C04F79EFBC}") = "ALMACENRFID", "ALMACENRFID\ALMACENRFID.csproj", "{B794F0EA-CCB5-4923-82AC-F3B5D747A170}"
EndProject
Global
	GlobalSection(SolutionConfigurationPlatforms) = preSolution
		Debug|Any CPU = Debug|Any CPU
		Release|Any CPU = Release|Any CPU
	EndGlobalSection
	GlobalSection(ProjectConfigurationPlatforms) = postSolution
		{B794F0EA-CCB5-4923-82AC-F3B5D747A170}.Debug|Any CPU.ActiveCfg = Debug|Any CPU
		{B794F0EA-CCB5-4923-82AC-F3B5D747A170}.Debug|Any CPU.Build.0 = Debug|Any CPU
		{B794F0EA-CCB5-4923-82AC-F3B5D747A170}.Release|Any CPU.ActiveCfg = Release|Any CPU
		{B794F0EA-CCB5-4923-82AC-F3B5D747A170}.Release|Any CPU.Build.0 = Release|Any CPU
	EndGlobalSection
	GlobalSection(SolutionProperties) = preSolution
		HideSolutionNode = FALSE
	EndGlobalSection
	GlobalSection(ExtensibilityGlobals) = postSolution
		SolutionGuid = {F2DD3744-1B5B-48B0-A936-A516568312DF}
	EndGlobalSection
EndGlobal
